
Microsoft Visual Studio Solution File, Format Version 12.00
# Visual Studio Version 17
VisualStudioVersion = 17.9.34310.174
MinimumVisualStudioVersion = 10.0.40219.1
Project("{9A19103F-16F7-4668-BE54-9A1E7A4F7556}") = "RockPaperScissorsLizardSpockApi", "RockPaperScissorsLizardSpockApi\RockPaperScissorsLizardSpockApi.csproj", "{69CB4205-8D81-4A6E-9E70-2C9E7A100A5B}"
EndProject
Project("{FAE04EC0-301F-11D3-BF4B-00C04F79EFBC}") = "RockPaperScissorsLizardSpockApi.Tests", "RockPaperScissorsLizardSpockApi.Tests\RockPaperScissorsLizardSpockApi.Tests.csproj", "{4F2F3255-870F-401F-B42B-6A0E1ABD5577}"
EndProject
Global
	GlobalSection(SolutionConfigurationPlatforms) = preSolution
		Debug|Any CPU = Debug|Any CPU
		Release|Any CPU = Release|Any CPU
	EndGlobalSection
	GlobalSection(ProjectConfigurationPlatforms) = postSolution
		{69CB4205-8D81-4A6E-9E70-2C9E7A100A5B}.Debug|Any CPU.ActiveCfg = Debug|Any CPU
		{69CB4205-8D81-4A6E-9E70-2C9E7A100A5B}.Debug|Any CPU.Build.0 = Debug|Any CPU
		{69CB4205-8D81-4A6E-9E70-2C9E7A100A5B}.Release|Any CPU.ActiveCfg = Release|Any CPU
		{69CB4205-8D81-4A6E-9E70-2C9E7A100A5B}.Release|Any CPU.Build.0 = Release|Any CPU
		{4F2F3255-870F-401F-B42B-6A0E1ABD5577}.Debug|Any CPU.ActiveCfg = Debug|Any CPU
		{4F2F3255-870F-401F-B42B-6A0E1ABD5577}.Debug|Any CPU.Build.0 = Debug|Any CPU
		{4F2F3255-870F-401F-B42B-6A0E1ABD5577}.Release|Any CPU.ActiveCfg = Release|Any CPU
		{4F2F3255-870F-401F-B42B-6A0E1ABD5577}.Release|Any CPU.Build.0 = Release|Any CPU
	EndGlobalSection
	GlobalSection(SolutionProperties) = preSolution
		HideSolutionNode = FALSE
	EndGlobalSection
	GlobalSection(ExtensibilityGlobals) = postSolution
		SolutionGuid = {6D8ACB81-DD1A-49FD-82F1-082028AFAB6A}
	EndGlobalSection
EndGlobal
